
Microsoft Visual Studio Solution File, Format Version 12.00
# Visual Studio Version 17
VisualStudioVersion = 17.4.33122.133
MinimumVisualStudioVersion = 10.0.40219.1
Project("{FAE04EC0-301F-11D3-BF4B-00C04F79EFBC}") = "ti92app", "ti92app\ti92app.csproj", "{4FE9FA22-3C1B-4F2D-9658-9040CCC4C60B}"
EndProject
Project("{FAE04EC0-301F-11D3-BF4B-00C04F79EFBC}") = "ti92class", "ti92class\ti92class.csproj", "{7E8124D7-B38A-4C76-A71A-403D02F309FF}"
EndProject
Global
	GlobalSection(SolutionConfigurationPlatforms) = preSolution
		Debug|Any CPU = Debug|Any CPU
		Release|Any CPU = Release|Any CPU
	EndGlobalSection
	GlobalSection(ProjectConfigurationPlatforms) = postSolution
		{4FE9FA22-3C1B-4F2D-9658-9040CCC4C60B}.Debug|Any CPU.ActiveCfg = Debug|Any CPU
		{4FE9FA22-3C1B-4F2D-9658-9040CCC4C60B}.Debug|Any CPU.Build.0 = Debug|Any CPU
		{4FE9FA22-3C1B-4F2D-9658-9040CCC4C60B}.Release|Any CPU.ActiveCfg = Release|Any CPU
		{4FE9FA22-3C1B-4F2D-9658-9040CCC4C60B}.Release|Any CPU.Build.0 = Release|Any CPU
		{7E8124D7-B38A-4C76-A71A-403D02F309FF}.Debug|Any CPU.ActiveCfg = Debug|Any CPU
		{7E8124D7-B38A-4C76-A71A-403D02F309FF}.Debug|Any CPU.Build.0 = Debug|Any CPU
		{7E8124D7-B38A-4C76-A71A-403D02F309FF}.Release|Any CPU.ActiveCfg = Release|Any CPU
		{7E8124D7-B38A-4C76-A71A-403D02F309FF}.Release|Any CPU.Build.0 = Release|Any CPU
	EndGlobalSection
	GlobalSection(SolutionProperties) = preSolution
		HideSolutionNode = FALSE
	EndGlobalSection
	GlobalSection(ExtensibilityGlobals) = postSolution
		SolutionGuid = {09DB367C-35CD-490E-8672-FBB38CA9E295}
	EndGlobalSection
EndGlobal
